
Microsoft Visual Studio Solution File, Format Version 12.00
# Visual Studio Version 17
VisualStudioVersion = 17.8.34525.116
MinimumVisualStudioVersion = 10.0.40219.1
Project("{2150E333-8FDC-42A3-9474-1A3956D46DE8}") = "src", "src", "{1BD18AED-2E49-44D5-91BE-40A19D9FF54F}"
EndProject
Project("{9A19103F-16F7-4668-BE54-9A1E7A4F7556}") = "Domain", "src\HotelProject.Domain\Domain.csproj", "{2A2273EA-9052-47DB-B8B3-2D4141A31D2A}"
EndProject
Project("{9A19103F-16F7-4668-BE54-9A1E7A4F7556}") = "Infrastructure", "src\HotelProject.Infrastructure\Infrastructure.csproj", "{16075BAB-7166-46E1-B252-9417B729110A}"
EndProject
Project("{9A19103F-16F7-4668-BE54-9A1E7A4F7556}") = "Server.Web", "src\HotelProject.Web\HotelProject.Web\Server.Web.csproj", "{07F015D1-3257-4F2B-8FEC-709748C6E777}"
EndProject
Project("{9A19103F-16F7-4668-BE54-9A1E7A4F7556}") = "Client.Web", "src\HotelProject.Web\HotelProject.Web.Client\Client.Web.csproj", "{82F4A24C-EF1A-4049-9D44-6CF99D2637D6}"
EndProject
Project("{9A19103F-16F7-4668-BE54-9A1E7A4F7556}") = "Client", "src\HotelProject.Client\Client.csproj", "{BFFF0978-D46B-487F-B455-894FD2750655}"
EndProject
Project("{9A19103F-16F7-4668-BE54-9A1E7A4F7556}") = "Shared", "src\HotelProject.Shared\Shared.csproj", "{C63DB1F6-C30D-4B73-878C-57E80D4859D9}"
EndProject
Project("{2150E333-8FDC-42A3-9474-1A3956D46DE8}") = "Core", "Core", "{0E496E5C-9E62-4AF4-B72D-205FACEFECB8}"
EndProject
Project("{2150E333-8FDC-42A3-9474-1A3956D46DE8}") = "Server", "Server", "{AFDDA3E4-0076-4B37-A90D-48921AF1FC07}"
EndProject
Project("{2150E333-8FDC-42A3-9474-1A3956D46DE8}") = "Client", "Client", "{3F3DAEE3-88B9-46FF-8294-6A68E89240C6}"
EndProject
Project("{2150E333-8FDC-42A3-9474-1A3956D46DE8}") = "Shared", "Shared", "{5200B517-8B7B-4F61-B4B2-270B2D5668E8}"
EndProject
Project("{2150E333-8FDC-42A3-9474-1A3956D46DE8}") = "Infrastructure", "Infrastructure", "{E189E545-1396-4DE2-8B1D-7A37C53CE127}"
EndProject
Project("{9A19103F-16F7-4668-BE54-9A1E7A4F7556}") = "Client.WebComponents", "src\HotelProject.WebComponents\Client.WebComponents.csproj", "{BDE816EE-41C9-418E-A78D-F802F1F59C2D}"
EndProject
Project("{9A19103F-16F7-4668-BE54-9A1E7A4F7556}") = "Application", "src\HotelProject.Application\Application.csproj", "{775F773F-0EAB-4CBD-AD67-2FEFBAE6786D}"
EndProject
Project("{9A19103F-16F7-4668-BE54-9A1E7A4F7556}") = "Client.Infrastructure", "src\HotelProject.Client.Infrastructure\Client.Infrastructure.csproj", "{21008A9B-61F5-4E34-AC8E-0C135CA421A9}"
EndProject
Project("{2150E333-8FDC-42A3-9474-1A3956D46DE8}") = "Infrastructure", "Infrastructure", "{51A5CC7F-5D31-4B6E-B880-11CEBEED000A}"
EndProject
Project("{2150E333-8FDC-42A3-9474-1A3956D46DE8}") = "Components", "Components", "{8334A7DA-9231-4014-9038-769DCDF1C440}"
EndProject
Global
	GlobalSection(SolutionConfigurationPlatforms) = preSolution
		Debug|Any CPU = Debug|Any CPU
		Release|Any CPU = Release|Any CPU
	EndGlobalSection
	GlobalSection(ProjectConfigurationPlatforms) = postSolution
		{2A2273EA-9052-47DB-B8B3-2D4141A31D2A}.Debug|Any CPU.ActiveCfg = Debug|Any CPU
		{2A2273EA-9052-47DB-B8B3-2D4141A31D2A}.Debug|Any CPU.Build.0 = Debug|Any CPU
		{2A2273EA-9052-47DB-B8B3-2D4141A31D2A}.Release|Any CPU.ActiveCfg = Release|Any CPU
		{2A2273EA-9052-47DB-B8B3-2D4141A31D2A}.Release|Any CPU.Build.0 = Release|Any CPU
		{16075BAB-7166-46E1-B252-9417B729110A}.Debug|Any CPU.ActiveCfg = Debug|Any CPU
		{16075BAB-7166-46E1-B252-9417B729110A}.Debug|Any CPU.Build.0 = Debug|Any CPU
		{16075BAB-7166-46E1-B252-9417B729110A}.Release|Any CPU.ActiveCfg = Release|Any CPU
		{16075BAB-7166-46E1-B252-9417B729110A}.Release|Any CPU.Build.0 = Release|Any CPU
		{07F015D1-3257-4F2B-8FEC-709748C6E777}.Debug|Any CPU.ActiveCfg = Debug|Any CPU
		{07F015D1-3257-4F2B-8FEC-709748C6E777}.Debug|Any CPU.Build.0 = Debug|Any CPU
		{07F015D1-3257-4F2B-8FEC-709748C6E777}.Release|Any CPU.ActiveCfg = Release|Any CPU
		{07F015D1-3257-4F2B-8FEC-709748C6E777}.Release|Any CPU.Build.0 = Release|Any CPU
		{82F4A24C-EF1A-4049-9D44-6CF99D2637D6}.Debug|Any CPU.ActiveCfg = Debug|Any CPU
		{82F4A24C-EF1A-4049-9D44-6CF99D2637D6}.Debug|Any CPU.Build.0 = Debug|Any CPU
		{82F4A24C-EF1A-4049-9D44-6CF99D2637D6}.Release|Any CPU.ActiveCfg = Release|Any CPU
		{82F4A24C-EF1A-4049-9D44-6CF99D2637D6}.Release|Any CPU.Build.0 = Release|Any CPU
		{BFFF0978-D46B-487F-B455-894FD2750655}.Debug|Any CPU.ActiveCfg = Debug|Any CPU
		{BFFF0978-D46B-487F-B455-894FD2750655}.Debug|Any CPU.Build.0 = Debug|Any CPU
		{BFFF0978-D46B-487F-B455-894FD2750655}.Debug|Any CPU.Deploy.0 = Debug|Any CPU
		{BFFF0978-D46B-487F-B455-894FD2750655}.Release|Any CPU.ActiveCfg = Release|Any CPU
		{BFFF0978-D46B-487F-B455-894FD2750655}.Release|Any CPU.Build.0 = Release|Any CPU
		{BFFF0978-D46B-487F-B455-894FD2750655}.Release|Any CPU.Deploy.0 = Release|Any CPU
		{C63DB1F6-C30D-4B73-878C-57E80D4859D9}.Debug|Any CPU.ActiveCfg = Debug|Any CPU
		{C63DB1F6-C30D-4B73-878C-57E80D4859D9}.Debug|Any CPU.Build.0 = Debug|Any CPU
		{C63DB1F6-C30D-4B73-878C-57E80D4859D9}.Release|Any CPU.ActiveCfg = Release|Any CPU
		{C63DB1F6-C30D-4B73-878C-57E80D4859D9}.Release|Any CPU.Build.0 = Release|Any CPU
		{BDE816EE-41C9-418E-A78D-F802F1F59C2D}.Debug|Any CPU.ActiveCfg = Debug|Any CPU
		{BDE816EE-41C9-418E-A78D-F802F1F59C2D}.Debug|Any CPU.Build.0 = Debug|Any CPU
		{BDE816EE-41C9-418E-A78D-F802F1F59C2D}.Release|Any CPU.ActiveCfg = Release|Any CPU
		{BDE816EE-41C9-418E-A78D-F802F1F59C2D}.Release|Any CPU.Build.0 = Release|Any CPU
		{775F773F-0EAB-4CBD-AD67-2FEFBAE6786D}.Debug|Any CPU.ActiveCfg = Debug|Any CPU
		{775F773F-0EAB-4CBD-AD67-2FEFBAE6786D}.Debug|Any CPU.Build.0 = Debug|Any CPU
		{775F773F-0EAB-4CBD-AD67-2FEFBAE6786D}.Release|Any CPU.ActiveCfg = Release|Any CPU
		{775F773F-0EAB-4CBD-AD67-2FEFBAE6786D}.Release|Any CPU.Build.0 = Release|Any CPU
		{21008A9B-61F5-4E34-AC8E-0C135CA421A9}.Debug|Any CPU.ActiveCfg = Debug|Any CPU
		{21008A9B-61F5-4E34-AC8E-0C135CA421A9}.Debug|Any CPU.Build.0 = Debug|Any CPU
		{21008A9B-61F5-4E34-AC8E-0C135CA421A9}.Release|Any CPU.ActiveCfg = Release|Any CPU
		{21008A9B-61F5-4E34-AC8E-0C135CA421A9}.Release|Any CPU.Build.0 = Release|Any CPU
	EndGlobalSection
	GlobalSection(SolutionProperties) = preSolution
		HideSolutionNode = FALSE
	EndGlobalSection
	GlobalSection(NestedProjects) = preSolution
		{2A2273EA-9052-47DB-B8B3-2D4141A31D2A} = {0E496E5C-9E62-4AF4-B72D-205FACEFECB8}
		{16075BAB-7166-46E1-B252-9417B729110A} = {E189E545-1396-4DE2-8B1D-7A37C53CE127}
		{07F015D1-3257-4F2B-8FEC-709748C6E777} = {AFDDA3E4-0076-4B37-A90D-48921AF1FC07}
		{82F4A24C-EF1A-4049-9D44-6CF99D2637D6} = {3F3DAEE3-88B9-46FF-8294-6A68E89240C6}
		{BFFF0978-D46B-487F-B455-894FD2750655} = {3F3DAEE3-88B9-46FF-8294-6A68E89240C6}
		{C63DB1F6-C30D-4B73-878C-57E80D4859D9} = {5200B517-8B7B-4F61-B4B2-270B2D5668E8}
		{0E496E5C-9E62-4AF4-B72D-205FACEFECB8} = {1BD18AED-2E49-44D5-91BE-40A19D9FF54F}
		{AFDDA3E4-0076-4B37-A90D-48921AF1FC07} = {1BD18AED-2E49-44D5-91BE-40A19D9FF54F}
		{3F3DAEE3-88B9-46FF-8294-6A68E89240C6} = {1BD18AED-2E49-44D5-91BE-40A19D9FF54F}
		{5200B517-8B7B-4F61-B4B2-270B2D5668E8} = {1BD18AED-2E49-44D5-91BE-40A19D9FF54F}
		{E189E545-1396-4DE2-8B1D-7A37C53CE127} = {1BD18AED-2E49-44D5-91BE-40A19D9FF54F}
		{BDE816EE-41C9-418E-A78D-F802F1F59C2D} = {8334A7DA-9231-4014-9038-769DCDF1C440}
		{775F773F-0EAB-4CBD-AD67-2FEFBAE6786D} = {0E496E5C-9E62-4AF4-B72D-205FACEFECB8}
		{21008A9B-61F5-4E34-AC8E-0C135CA421A9} = {51A5CC7F-5D31-4B6E-B880-11CEBEED000A}
		{51A5CC7F-5D31-4B6E-B880-11CEBEED000A} = {3F3DAEE3-88B9-46FF-8294-6A68E89240C6}
		{8334A7DA-9231-4014-9038-769DCDF1C440} = {3F3DAEE3-88B9-46FF-8294-6A68E89240C6}
	EndGlobalSection
	GlobalSection(ExtensibilityGlobals) = postSolution
		SolutionGuid = {A53BA18E-A2C0-4663-ADF7-A902B8609570}
	EndGlobalSection
EndGlobal
